
Microsoft Visual Studio Solution File, Format Version 12.00
# Visual Studio Version 16
VisualStudioVersion = 16.0.31911.196
MinimumVisualStudioVersion = 10.0.40219.1
Project("{FAE04EC0-301F-11D3-BF4B-00C04F79EFBC}") = "portfolio mening", "portfolio mening\portfolio mening.csproj", "{A3E89D8F-0995-470D-8379-F988F0AC49F0}"
EndProject
Global
	GlobalSection(SolutionConfigurationPlatforms) = preSolution
		Debug|Any CPU = Debug|Any CPU
		Release|Any CPU = Release|Any CPU
	EndGlobalSection
	GlobalSection(ProjectConfigurationPlatforms) = postSolution
		{A3E89D8F-0995-470D-8379-F988F0AC49F0}.Debug|Any CPU.ActiveCfg = Debug|Any CPU
		{A3E89D8F-0995-470D-8379-F988F0AC49F0}.Debug|Any CPU.Build.0 = Debug|Any CPU
		{A3E89D8F-0995-470D-8379-F988F0AC49F0}.Release|Any CPU.ActiveCfg = Release|Any CPU
		{A3E89D8F-0995-470D-8379-F988F0AC49F0}.Release|Any CPU.Build.0 = Release|Any CPU
	EndGlobalSection
	GlobalSection(SolutionProperties) = preSolution
		HideSolutionNode = FALSE
	EndGlobalSection
	GlobalSection(ExtensibilityGlobals) = postSolution
		SolutionGuid = {7BB98378-96E7-471D-AAB9-4CA08ED5F6BE}
	EndGlobalSection
EndGlobal
